
Microsoft Visual Studio Solution File, Format Version 12.00
Project("{FAE04EC0-301F-11D3-BF4B-00C04F79EFBC}") = "DustyEngine", "DustyEngine\DustyEngine.csproj", "{A8C02C06-035B-45D3-90F1-16A5FAF985EF}"
EndProject
Global
	GlobalSection(SolutionConfigurationPlatforms) = preSolution
		Debug|Any CPU = Debug|Any CPU
		Release|Any CPU = Release|Any CPU
	EndGlobalSection
	GlobalSection(ProjectConfigurationPlatforms) = postSolution
		{A8C02C06-035B-45D3-90F1-16A5FAF985EF}.Debug|Any CPU.ActiveCfg = Debug|Any CPU
		{A8C02C06-035B-45D3-90F1-16A5FAF985EF}.Debug|Any CPU.Build.0 = Debug|Any CPU
		{A8C02C06-035B-45D3-90F1-16A5FAF985EF}.Release|Any CPU.ActiveCfg = Release|Any CPU
		{A8C02C06-035B-45D3-90F1-16A5FAF985EF}.Release|Any CPU.Build.0 = Release|Any CPU
	EndGlobalSection
EndGlobal
